# THIS IS AN AUTOGENERATED FILE. DO NOT EDIT THIS FILE DIRECTLY.
# yarn lockfile v1


"@bufbuild/connect-query@^0.4.1":
  version "0.4.1"
  resolved "https://registry.yarnpkg.com/@bufbuild/connect-query/-/connect-query-0.4.1.tgz#92a12502013b3b89831dd78f534937bb61a5a6d0"
  integrity sha512-rkQB+oin+1Nab91mx8CDHwkGn3AqXT22IEXLRMUZqkSODDjn9sFAGFc/mz5K6Fpsf0Qd50B/792vjkLd1y3fRA==
  dependencies:
    stable-hash "^0.0.3"

"@bufbuild/protobuf@2.10.0", "@bufbuild/protobuf@^2.2.1", "@bufbuild/protobuf@^2.2.4":
  version "2.10.0"
  resolved "https://registry.yarnpkg.com/@bufbuild/protobuf/-/protobuf-2.10.0.tgz#b444f8aafdfa8c497313c8c0f0e7e2e978c53df5"
  integrity sha512-fdRs9PSrBF7QUntpZpq6BTw58fhgGJojgg39m9oFOJGZT+nip9b0so5cYY1oWl5pvemDLr0cPPsH46vwThEbpQ==

"@bufbuild/protobuf@2.2.3":
  version "2.2.3"
  resolved "https://registry.yarnpkg.com/@bufbuild/protobuf/-/protobuf-2.2.3.tgz#9cd136f6b687e63e9b517b3a54211ece942897ee"
  integrity sha512-tFQoXHJdkEOSwj5tRIZSPNUuXK3RaR7T1nUrPgbYX1pUbvqqaaZAsfo+NXBPsz5rZMSKVFrgK1WL8Q/MSLvprg==

"@bufbuild/protoc-gen-es@^2.2.4":
  version "2.10.0"
  resolved "https://registry.yarnpkg.com/@bufbuild/protoc-gen-es/-/protoc-gen-es-2.10.0.tgz#99a64c31331279f3f09a7abbec59d1e848c988b1"
  integrity sha512-g3xtuxeMkbacn8/qWQ8NbHBA8unLAvGD7sjcXV1/lfO4iCfd6hYL1Z+rn2yLQZE/JEkG+GPZoIs7m5KI5VYaMw==
  dependencies:
    "@bufbuild/protobuf" "2.10.0"
    "@bufbuild/protoplugin" "2.10.0"

"@bufbuild/protoplugin@2.10.0":
  version "2.10.0"
  resolved "https://registry.yarnpkg.com/@bufbuild/protoplugin/-/protoplugin-2.10.0.tgz#c02ff1dbdd34effad60b5024be19cd834d781519"
  integrity sha512-GPJOZ1Gp9/Ci3MXP3yI7+q4G7IhB5cSpbLjsfnBILxtNx69I9+ix3r9P7JfewHvqMjtPe6L+YWX1LPBGNfZMGw==
  dependencies:
    "@bufbuild/protobuf" "2.10.0"
    "@typescript/vfs" "^1.5.2"
    typescript "5.4.5"

"@bufbuild/protoplugin@^2.2.1":
  version "2.2.3"
  resolved "https://registry.yarnpkg.com/@bufbuild/protoplugin/-/protoplugin-2.2.3.tgz#9f14cdbf6bbc0761be0314fcd249f9f1ef19495c"
  integrity sha512-UsV7mj6NJTZrqIYJK+jNFnnj5tOS7wgNXKyMjebFEpf+OX6pfXE+nx+QPjumOfu4GxdVPfEDnKuwISgqlXSQqw==
  dependencies:
    "@bufbuild/protobuf" "2.2.3"
    "@typescript/vfs" "^1.5.2"
    typescript "5.4.5"

"@connectrpc/protoc-gen-connect-query@^2.0.1":
  version "2.0.1"
  resolved "https://registry.yarnpkg.com/@connectrpc/protoc-gen-connect-query/-/protoc-gen-connect-query-2.0.1.tgz#350d2d782f84e9580c4b83380b037292dbfcd8f6"
  integrity sha512-vbqr11Vg4gV5W5WUoC1/ZGIPU+iMWj8sR/WO6cBFV1bKLluWv4s7UWmbpEYDSUap3RVklRMcr+HZSDqbPgV0Hg==
  dependencies:
    "@bufbuild/protobuf" "^2.2.1"
    "@bufbuild/protoplugin" "^2.2.1"

"@typescript/vfs@^1.5.2":
  version "1.6.0"
  resolved "https://registry.yarnpkg.com/@typescript/vfs/-/vfs-1.6.0.tgz#9c90d8c43f7ac53cc77d5959e5c4c9b639f0959e"
  integrity sha512-hvJUjNVeBMp77qPINuUvYXj4FyWeeMMKZkxEATEU3hqBAQ7qdTBCUFT7Sp0Zu0faeEtFf+ldXxMEDr/bk73ISg==
  dependencies:
    debug "^4.1.1"

debug@^4.1.1:
  version "4.4.0"
  resolved "https://registry.yarnpkg.com/debug/-/debug-4.4.0.tgz#2b3f2aea2ffeb776477460267377dc8710faba8a"
  integrity sha512-6WTZ/IxCY/T6BALoZHaE4ctp9xm+Z5kY/pzYaCHRFeyVhojxlrm+46y68HA6hr0TcwEssoxNiDEUJQjfPZ/RYA==
  dependencies:
    ms "^2.1.3"

ms@^2.1.3:
  version "2.1.3"
  resolved "https://registry.yarnpkg.com/ms/-/ms-2.1.3.tgz#574c8138ce1d2b5861f0b44579dbadd60c6615b2"
  integrity sha512-6FlzubTLZG3J2a/NVCAleEhjzq5oxgHyaCU9yYXvcLsvoVaHJq/s5xXI6/XXP6tz7R9xAOtHnSO/tXtF3WRTlA==

stable-hash@^0.0.3:
  version "0.0.3"
  resolved "https://registry.yarnpkg.com/stable-hash/-/stable-hash-0.0.3.tgz#0078583e684d56ca0ece08f7c588b19f88955698"
  integrity sha512-c63fvNCQ7ip1wBfPv54MflMA5L6OE5J0p6Fg13IpKft4JAFoNal8+s/jtJ8PibrwqXm4onnbeQsADs8k0NQGUA==

typescript@5.4.5:
  version "5.4.5"
  resolved "https://registry.yarnpkg.com/typescript/-/typescript-5.4.5.tgz#42ccef2c571fdbd0f6718b1d1f5e6e5ef006f611"
  integrity sha512-vcI4UpRgg81oIRUFwR0WSIHKt11nJ7SAVlYNIu+QpqeyXP+gpQJy/Z4+F0aGxSE4MqwjyXvW/TzgkLAx2AGHwQ==
